// !$*UTF8*$!
{
	archiveVersion = 1;
	classes = {
	};
	objectVersion = 51;
	objects = {

/* Begin PBXBuildFile section */
		655BA65C23AC03D400871539 /* SelectionViewController.swift in Sources */ = {isa = PBXBuildFile; fileRef = 655BA65B23AC03D400871539 /* SelectionViewController.swift */; };
		655BA65E23AC040C00871539 /* ProfileViewController.swift in Sources */ = {isa = PBXBuildFile; fileRef = 655BA65D23AC040C00871539 /* ProfileViewController.swift */; };
		65C164BB239981A2008D8A50 /* AppDelegate.swift in Sources */ = {isa = PBXBuildFile; fileRef = 65C164BA239981A2008D8A50 /* AppDelegate.swift */; };
		65C164BD239981A2008D8A50 /* SceneDelegate.swift in Sources */ = {isa = PBXBuildFile; fileRef = 65C164BC239981A2008D8A50 /* SceneDelegate.swift */; };
		65C164C2239981A2008D8A50 /* Main.storyboard in Resources */ = {isa = PBXBuildFile; fileRef = 65C164C0239981A2008D8A50 /* Main.storyboard */; };
		65C164C4239981A4008D8A50 /* Assets.xcassets in Resources */ = {isa = PBXBuildFile; fileRef = 65C164C3239981A4008D8A50 /* Assets.xcassets */; };
		65C164C7239981A4008D8A50 /* LaunchScreen.storyboard in Resources */ = {isa = PBXBuildFile; fileRef = 65C164C5239981A4008D8A50 /* LaunchScreen.storyboard */; };
		65C164CF2399820E008D8A50 /* LoginViewController.swift in Sources */ = {isa = PBXBuildFile; fileRef = 65C164CE2399820E008D8A50 /* LoginViewController.swift */; };
		65C164D1239984FC008D8A50 /* ARKitViewController.swift in Sources */ = {isa = PBXBuildFile; fileRef = 65C164D0239984FC008D8A50 /* ARKitViewController.swift */; };
		65FD43EF2399899800E805E6 /* GoogleService-Info.plist in Resources */ = {isa = PBXBuildFile; fileRef = 65FD43EE2399899800E805E6 /* GoogleService-Info.plist */; };
		D3C22580663CD20B6CC5C0A7 /* Pods_Furniture_Visualizer.framework in Frameworks */ = {isa = PBXBuildFile; fileRef = D6179AB1A7656F59085B5D84 /* Pods_Furniture_Visualizer.framework */; };
/* End PBXBuildFile section */

/* Begin PBXFileReference section */
		655BA65B23AC03D400871539 /* SelectionViewController.swift */ = {isa = PBXFileReference; lastKnownFileType = sourcecode.swift; path = SelectionViewController.swift; sourceTree = "<group>"; };
		655BA65D23AC040C00871539 /* ProfileViewController.swift */ = {isa = PBXFileReference; lastKnownFileType = sourcecode.swift; path = ProfileViewController.swift; sourceTree = "<group>"; };
		65C164B7239981A2008D8A50 /* Furniture Visualizer.app */ = {isa = PBXFileReference; explicitFileType = wrapper.application; includeInIndex = 0; path = "Furniture Visualizer.app"; sourceTree = BUILT_PRODUCTS_DIR; };
		65C164BA239981A2008D8A50 /* AppDelegate.swift */ = {isa = PBXFileReference; lastKnownFileType = sourcecode.swift; path = AppDelegate.swift; sourceTree = "<group>"; };
		65C164BC239981A2008D8A50 /* SceneDelegate.swift */ = {isa = PBXFileReference; lastKnownFileType = sourcecode.swift; path = SceneDelegate.swift; sourceTree = "<group>"; };
		65C164C1239981A2008D8A50 /* Base */ = {isa = PBXFileReference; lastKnownFileType = file.storyboard; name = Base; path = Base.lproj/Main.storyboard; sourceTree = "<group>"; };
		65C164C3239981A4008D8A50 /* Assets.xcassets */ = {isa = PBXFileReference; lastKnownFileType = folder.assetcatalog; path = Assets.xcassets; sourceTree = "<group>"; };
		65C164C6239981A4008D8A50 /* Base */ = {isa = PBXFileReference; lastKnownFileType = file.storyboard; name = Base; path = Base.lproj/LaunchScreen.storyboard; sourceTree = "<group>"; };
		65C164C8239981A4008D8A50 /* Info.plist */ = {isa = PBXFileReference; lastKnownFileType = text.plist.xml; path = Info.plist; sourceTree = "<group>"; };
		65C164CE2399820E008D8A50 /* LoginViewController.swift */ = {isa = PBXFileReference; lastKnownFileType = sourcecode.swift; path = LoginViewController.swift; sourceTree = "<group>"; };
		65C164D0239984FC008D8A50 /* ARKitViewController.swift */ = {isa = PBXFileReference; lastKnownFileType = sourcecode.swift; path = ARKitViewController.swift; sourceTree = "<group>"; };
		65FD43EE2399899800E805E6 /* GoogleService-Info.plist */ = {isa = PBXFileReference; fileEncoding = 4; lastKnownFileType = text.plist.xml; path = "GoogleService-Info.plist"; sourceTree = "<group>"; };
		A2E47B3B0454F79929F96650 /* Pods-Furniture Visualizer.release.xcconfig */ = {isa = PBXFileReference; includeInIndex = 1; lastKnownFileType = text.xcconfig; name = "Pods-Furniture Visualizer.release.xcconfig"; path = "Target Support Files/Pods-Furniture Visualizer/Pods-Furniture Visualizer.release.xcconfig"; sourceTree = "<group>"; };
		BFCE534B1C5E2D5B94F4A99C /* Pods-Furniture Visualizer.debug.xcconfig */ = {isa = PBXFileReference; includeInIndex = 1; lastKnownFileType = text.xcconfig; name = "Pods-Furniture Visualizer.debug.xcconfig"; path = "Target Support Files/Pods-Furniture Visualizer/Pods-Furniture Visualizer.debug.xcconfig"; sourceTree = "<group>"; };
		D6179AB1A7656F59085B5D84 /* Pods_Furniture_Visualizer.framework */ = {isa = PBXFileReference; explicitFileType = wrapper.framework; includeInIndex = 0; path = Pods_Furniture_Visualizer.framework; sourceTree = BUILT_PRODUCTS_DIR; };
/* End PBXFileReference section */

/* Begin PBXFrameworksBuildPhase section */
		65C164B4239981A2008D8A50 /* Frameworks */ = {
			isa = PBXFrameworksBuildPhase;
			buildActionMask = 2147483647;
			files = (
				D3C22580663CD20B6CC5C0A7 /* Pods_Furniture_Visualizer.framework in Frameworks */,
			);
			runOnlyForDeploymentPostprocessing = 0;
		};
/* End PBXFrameworksBuildPhase section */

/* Begin PBXGroup section */
		0D64F1BB1009EA9B72DC1681 /* Frameworks */ = {
			isa = PBXGroup;
			children = (
				D6179AB1A7656F59085B5D84 /* Pods_Furniture_Visualizer.framework */,
			);
			name = Frameworks;
			sourceTree = "<group>";
		};
		65C164AE239981A2008D8A50 = {
			isa = PBXGroup;
			children = (
				65C164B9239981A2008D8A50 /* Furniture Visualizer */,
				65C164B8239981A2008D8A50 /* Products */,
				FF6D87F7668E8AA79BBDBD5F /* Pods */,
				0D64F1BB1009EA9B72DC1681 /* Frameworks */,
			);
			sourceTree = "<group>";
		};
		65C164B8239981A2008D8A50 /* Products */ = {
			isa = PBXGroup;
			children = (
				65C164B7239981A2008D8A50 /* Furniture Visualizer.app */,
			);
			name = Products;
			sourceTree = "<group>";
		};
		65C164B9239981A2008D8A50 /* Furniture Visualizer */ = {
			isa = PBXGroup;
			children = (
				65C164BA239981A2008D8A50 /* AppDelegate.swift */,
				65C164BC239981A2008D8A50 /* SceneDelegate.swift */,
				65C164C0239981A2008D8A50 /* Main.storyboard */,
				65C164CE2399820E008D8A50 /* LoginViewController.swift */,
				65C164D0239984FC008D8A50 /* ARKitViewController.swift */,
				655BA65B23AC03D400871539 /* SelectionViewController.swift */,
				655BA65D23AC040C00871539 /* ProfileViewController.swift */,
				65C164C3239981A4008D8A50 /* Assets.xcassets */,
				65C164C5239981A4008D8A50 /* LaunchScreen.storyboard */,
				65FD43EE2399899800E805E6 /* GoogleService-Info.plist */,
				65C164C8239981A4008D8A50 /* Info.plist */,
			);
			path = "Furniture Visualizer";
			sourceTree = "<group>";
		};
		FF6D87F7668E8AA79BBDBD5F /* Pods */ = {
			isa = PBXGroup;
			children = (
				BFCE534B1C5E2D5B94F4A99C /* Pods-Furniture Visualizer.debug.xcconfig */,
				A2E47B3B0454F79929F96650 /* Pods-Furniture Visualizer.release.xcconfig */,
			);
			path = Pods;
			sourceTree = "<group>";
		};
/* End PBXGroup section */

/* Begin PBXNativeTarget section */
		65C164B6239981A2008D8A50 /* Furniture Visualizer */ = {
			isa = PBXNativeTarget;
			buildConfigurationList = 65C164CB239981A4008D8A50 /* Build configuration list for PBXNativeTarget "Furniture Visualizer" */;
			buildPhases = (
				E3E77116CAC702170DFE73D9 /* [CP] Check Pods Manifest.lock */,
				65C164B3239981A2008D8A50 /* Sources */,
				65C164B4239981A2008D8A50 /* Frameworks */,
				65C164B5239981A2008D8A50 /* Resources */,
				BB5C056BA0BAFCEC46B52598 /* [CP] Embed Pods Frameworks */,
				7AD1DBA36DFFC4DE832B56B7 /* [CP] Copy Pods Resources */,
			);
			buildRules = (
			);
			dependencies = (
			);
			name = "Furniture Visualizer";
			productName = "Furniture Visualizer";
			productReference = 65C164B7239981A2008D8A50 /* Furniture Visualizer.app */;
			productType = "com.apple.product-type.application";
		};
/* End PBXNativeTarget section */

/* Begin PBXProject section */
		65C164AF239981A2008D8A50 /* Project object */ = {
			isa = PBXProject;
			attributes = {
				LastSwiftUpdateCheck = 1120;
				LastUpgradeCheck = 1120;
				ORGANIZATIONNAME = "Vineet Joshi";
				TargetAttributes = {
					65C164B6239981A2008D8A50 = {
						CreatedOnToolsVersion = 11.2.1;
					};
				};
			};
			buildConfigurationList = 65C164B2239981A2008D8A50 /* Build configuration list for PBXProject "Furniture Visualizer" */;
			compatibilityVersion = "Xcode 9.3";
			developmentRegion = en;
			hasScannedForEncodings = 0;
			knownRegions = (
				en,
				Base,
			);
			mainGroup = 65C164AE239981A2008D8A50;
			productRefGroup = 65C164B8239981A2008D8A50 /* Products */;
			projectDirPath = "";
			projectRoot = "";
			targets = (
				65C164B6239981A2008D8A50 /* Furniture Visualizer */,
			);
		};
/* End PBXProject section */

/* Begin PBXResourcesBuildPhase section */
		65C164B5239981A2008D8A50 /* Resources */ = {
			isa = PBXResourcesBuildPhase;
			buildActionMask = 2147483647;
			files = (
				65C164C7239981A4008D8A50 /* LaunchScreen.storyboard in Resources */,
				65FD43EF2399899800E805E6 /* GoogleService-Info.plist in Resources */,
				65C164C4239981A4008D8A50 /* Assets.xcassets in Resources */,
				65C164C2239981A2008D8A50 /* Main.storyboard in Resources */,
			);
			runOnlyForDeploymentPostprocessing = 0;
		};
/* End PBXResourcesBuildPhase section */

/* Begin PBXShellScriptBuildPhase section */
		7AD1DBA36DFFC4DE832B56B7 /* [CP] Copy Pods Resources */ = {
			isa = PBXShellScriptBuildPhase;
			buildActionMask = 2147483647;
			files = (
			);
			inputFileListPaths = (
				"${PODS_ROOT}/Target Support Files/Pods-Furniture Visualizer/Pods-Furniture Visualizer-resources-${CONFIGURATION}-input-files.xcfilelist",
			);
			name = "[CP] Copy Pods Resources";
			outputFileListPaths = (
				"${PODS_ROOT}/Target Support Files/Pods-Furniture Visualizer/Pods-Furniture Visualizer-resources-${CONFIGURATION}-output-files.xcfilelist",
			);
			runOnlyForDeploymentPostprocessing = 0;
			shellPath = /bin/sh;
			shellScript = "\"${PODS_ROOT}/Target Support Files/Pods-Furniture Visualizer/Pods-Furniture Visualizer-resources.sh\"\n";
			showEnvVarsInLog = 0;
		};
		BB5C056BA0BAFCEC46B52598 /* [CP] Embed Pods Frameworks */ = {
			isa = PBXShellScriptBuildPhase;
			buildActionMask = 2147483647;
			files = (
			);
			inputFileListPaths = (
				"${PODS_ROOT}/Target Support Files/Pods-Furniture Visualizer/Pods-Furniture Visualizer-frameworks-${CONFIGURATION}-input-files.xcfilelist",
			);
			name = "[CP] Embed Pods Frameworks";
			outputFileListPaths = (
				"${PODS_ROOT}/Target Support Files/Pods-Furniture Visualizer/Pods-Furniture Visualizer-frameworks-${CONFIGURATION}-output-files.xcfilelist",
			);
			runOnlyForDeploymentPostprocessing = 0;
			shellPath = /bin/sh;
			shellScript = "\"${PODS_ROOT}/Target Support Files/Pods-Furniture Visualizer/Pods-Furniture Visualizer-frameworks.sh\"\n";
			showEnvVarsInLog = 0;
		};
		E3E77116CAC702170DFE73D9 /* [CP] Check Pods Manifest.lock */ = {
			isa = PBXShellScriptBuildPhase;
			buildActionMask = 2147483647;
			files = (
			);
			inputFileListPaths = (
			);
			inputPaths = (
				"${PODS_PODFILE_DIR_PATH}/Podfile.lock",
				"${PODS_ROOT}/Manifest.lock",
			);
			name = "[CP] Check Pods Manifest.lock";
			outputFileListPaths = (
			);
			outputPaths = (
				"$(DERIVED_FILE_DIR)/Pods-Furniture Visualizer-checkManifestLockResult.txt",
			);
			runOnlyForDeploymentPostprocessing = 0;
			shellPath = /bin/sh;
			shellScript = "diff \"${PODS_PODFILE_DIR_PATH}/Podfile.lock\" \"${PODS_ROOT}/Manifest.lock\" > /dev/null\nif [ $? != 0 ] ; then\n    # print error to STDERR\n    echo \"error: The sandbox is not in sync with the Podfile.lock. Run 'pod install' or update your CocoaPods installation.\" >&2\n    exit 1\nfi\n# This output is used by Xcode 'outputs' to avoid re-running this script phase.\necho \"SUCCESS\" > \"${SCRIPT_OUTPUT_FILE_0}\"\n";
			showEnvVarsInLog = 0;
		};
/* End PBXShellScriptBuildPhase section */

/* Begin PBXSourcesBuildPhase section */
		65C164B3239981A2008D8A50 /* Sources */ = {
			isa = PBXSourcesBuildPhase;
			buildActionMask = 2147483647;
			files = (
				655BA65E23AC040C00871539 /* ProfileViewController.swift in Sources */,
				655BA65C23AC03D400871539 /* SelectionViewController.swift in Sources */,
				65C164CF2399820E008D8A50 /* LoginViewController.swift in Sources */,
				65C164BB239981A2008D8A50 /* AppDelegate.swift in Sources */,
				65C164D1239984FC008D8A50 /* ARKitViewController.swift in Sources */,
				65C164BD239981A2008D8A50 /* SceneDelegate.swift in Sources */,
			);
			runOnlyForDeploymentPostprocessing = 0;
		};
/* End PBXSourcesBuildPhase section */

/* Begin PBXVariantGroup section */
		65C164C0239981A2008D8A50 /* Main.storyboard */ = {
			isa = PBXVariantGroup;
			children = (
				65C164C1239981A2008D8A50 /* Base */,
			);
			name = Main.storyboard;
			sourceTree = "<group>";
		};
		65C164C5239981A4008D8A50 /* LaunchScreen.storyboard */ = {
			isa = PBXVariantGroup;
			children = (
				65C164C6239981A4008D8A50 /* Base */,
			);
			name = LaunchScreen.storyboard;
			sourceTree = "<group>";
		};
/* End PBXVariantGroup section */

/* Begin XCBuildConfiguration section */
		65C164C9239981A4008D8A50 /* Debug */ = {
			isa = XCBuildConfiguration;
			buildSettings = {
				ALWAYS_SEARCH_USER_PATHS = NO;
				CLANG_ANALYZER_NONNULL = YES;
				CLANG_ANALYZER_NUMBER_OBJECT_CONVERSION = YES_AGGRESSIVE;
				CLANG_CXX_LANGUAGE_STANDARD = "gnu++14";
				CLANG_CXX_LIBRARY = "libc++";
				CLANG_ENABLE_MODULES = YES;
				CLANG_ENABLE_OBJC_ARC = YES;
				CLANG_ENABLE_OBJC_WEAK = YES;
				CLANG_WARN_BLOCK_CAPTURE_AUTORELEASING = YES;
				CLANG_WARN_BOOL_CONVERSION = YES;
				CLANG_WARN_COMMA = YES;
				CLANG_WARN_CONSTANT_CONVERSION = YES;
				CLANG_WARN_DEPRECATED_OBJC_IMPLEMENTATIONS = YES;
				CLANG_WARN_DIRECT_OBJC_ISA_USAGE = YES_ERROR;
				CLANG_WARN_DOCUMENTATION_COMMENTS = YES;
				CLANG_WARN_EMPTY_BODY = YES;
				CLANG_WARN_ENUM_CONVERSION = YES;
				CLANG_WARN_INFINITE_RECURSION = YES;
				CLANG_WARN_INT_CONVERSION = YES;
				CLANG_WARN_NON_LITERAL_NULL_CONVERSION = YES;
				CLANG_WARN_OBJC_IMPLICIT_RETAIN_SELF = YES;
				CLANG_WARN_OBJC_LITERAL_CONVERSION = YES;
				CLANG_WARN_OBJC_ROOT_CLASS = YES_ERROR;
				CLANG_WARN_RANGE_LOOP_ANALYSIS = YES;
				CLANG_WARN_STRICT_PROTOTYPES = YES;
				CLANG_WARN_SUSPICIOUS_MOVE = YES;
				CLANG_WARN_UNGUARDED_AVAILABILITY = YES_AGGRESSIVE;
				CLANG_WARN_UNREACHABLE_CODE = YES;
				CLANG_WARN__DUPLICATE_METHOD_MATCH = YES;
				COPY_PHASE_STRIP = NO;
				DEBUG_INFORMATION_FORMAT = dwarf;
				ENABLE_STRICT_OBJC_MSGSEND = YES;
				ENABLE_TESTABILITY = YES;
				GCC_C_LANGUAGE_STANDARD = gnu11;
				GCC_DYNAMIC_NO_PIC = NO;
				GCC_NO_COMMON_BLOCKS = YES;
				GCC_OPTIMIZATION_LEVEL = 0;
				GCC_PREPROCESSOR_DEFINITIONS = (
					"DEBUG=1",
					"$(inherited)",
				);
				GCC_WARN_64_TO_32_BIT_CONVERSION = YES;
				GCC_WARN_ABOUT_RETURN_TYPE = YES_ERROR;
				GCC_WARN_UNDECLARED_SELECTOR = YES;
				GCC_WARN_UNINITIALIZED_AUTOS = YES_AGGRESSIVE;
				GCC_WARN_UNUSED_FUNCTION = YES;
				GCC_WARN_UNUSED_VARIABLE = YES;
				IPHONEOS_DEPLOYMENT_TARGET = 13.2;
				MTL_ENABLE_DEBUG_INFO = INCLUDE_SOURCE;
				MTL_FAST_MATH = YES;
				ONLY_ACTIVE_ARCH = YES;
				SDKROOT = iphoneos;
				SWIFT_ACTIVE_COMPILATION_CONDITIONS = DEBUG;
				SWIFT_OPTIMIZATION_LEVEL = "-Onone";
			};
			name = Debug;
		};
		65C164CA239981A4008D8A50 /* Release */ = {
			isa = XCBuildConfiguration;
			buildSettings = {
				ALWAYS_SEARCH_USER_PATHS = NO;
				CLANG_ANALYZER_NONNULL = YES;
				CLANG_ANALYZER_NUMBER_OBJECT_CONVERSION = YES_AGGRESSIVE;
				CLANG_CXX_LANGUAGE_STANDARD = "gnu++14";
				CLANG_CXX_LIBRARY = "libc++";
				CLANG_ENABLE_MODULES = YES;
				CLANG_ENABLE_OBJC_ARC = YES;
				CLANG_ENABLE_OBJC_WEAK = YES;
				CLANG_WARN_BLOCK_CAPTURE_AUTORELEASING = YES;
				CLANG_WARN_BOOL_CONVERSION = YES;
				CLANG_WARN_COMMA = YES;
				CLANG_WARN_CONSTANT_CONVERSION = YES;
				CLANG_WARN_DEPRECATED_OBJC_IMPLEMENTATIONS = YES;
				CLANG_WARN_DIRECT_OBJC_ISA_USAGE = YES_ERROR;
				CLANG_WARN_DOCUMENTATION_COMMENTS = YES;
				CLANG_WARN_EMPTY_BODY = YES;
				CLANG_WARN_ENUM_CONVERSION = YES;
				CLANG_WARN_INFINITE_RECURSION = YES;
				CLANG_WARN_INT_CONVERSION = YES;
				CLANG_WARN_NON_LITERAL_NULL_CONVERSION = YES;
				CLANG_WARN_OBJC_IMPLICIT_RETAIN_SELF = YES;
				CLANG_WARN_OBJC_LITERAL_CONVERSION = YES;
				CLANG_WARN_OBJC_ROOT_CLASS = YES_ERROR;
				CLANG_WARN_RANGE_LOOP_ANALYSIS = YES;
				CLANG_WARN_STRICT_PROTOTYPES = YES;
				CLANG_WARN_SUSPICIOUS_MOVE = YES;
				CLANG_WARN_UNGUARDED_AVAILABILITY = YES_AGGRESSIVE;
				CLANG_WARN_UNREACHABLE_CODE = YES;
				CLANG_WARN__DUPLICATE_METHOD_MATCH = YES;
				COPY_PHASE_STRIP = NO;
				DEBUG_INFORMATION_FORMAT = "dwarf-with-dsym";
				ENABLE_NS_ASSERTIONS = NO;
				ENABLE_STRICT_OBJC_MSGSEND = YES;
				GCC_C_LANGUAGE_STANDARD = gnu11;
				GCC_NO_COMMON_BLOCKS = YES;
				GCC_WARN_64_TO_32_BIT_CONVERSION = YES;
				GCC_WARN_ABOUT_RETURN_TYPE = YES_ERROR;
				GCC_WARN_UNDECLARED_SELECTOR = YES;
				GCC_WARN_UNINITIALIZED_AUTOS = YES_AGGRESSIVE;
				GCC_WARN_UNUSED_FUNCTION = YES;
				GCC_WARN_UNUSED_VARIABLE = YES;
				IPHONEOS_DEPLOYMENT_TARGET = 13.2;
				MTL_ENABLE_DEBUG_INFO = NO;
				MTL_FAST_MATH = YES;
				SDKROOT = iphoneos;
				SWIFT_COMPILATION_MODE = wholemodule;
				SWIFT_OPTIMIZATION_LEVEL = "-O";
				VALIDATE_PRODUCT = YES;
			};
			name = Release;
		};
		65C164CC239981A4008D8A50 /* Debug */ = {
			isa = XCBuildConfiguration;
			baseConfigurationReference = BFCE534B1C5E2D5B94F4A99C /* Pods-Furniture Visualizer.debug.xcconfig */;
			buildSettings = {
				ASSETCATALOG_COMPILER_APPICON_NAME = AppIcon;
				CODE_SIGN_STYLE = Automatic;
				DEVELOPMENT_TEAM = C9R438Z887;
				INFOPLIST_FILE = "Furniture Visualizer/Info.plist";
				LD_RUNPATH_SEARCH_PATHS = (
					"$(inherited)",
					"@executable_path/Frameworks",
				);
				PRODUCT_BUNDLE_IDENTIFIER = "vineet0713.Furniture-Visualizer";
				PRODUCT_NAME = "$(TARGET_NAME)";
				SWIFT_VERSION = 5.0;
				TARGETED_DEVICE_FAMILY = "1,2";
			};
			name = Debug;
		};
		65C164CD239981A4008D8A50 /* Release */ = {
			isa = XCBuildConfiguration;
			baseConfigurationReference = A2E47B3B0454F79929F96650 /* Pods-Furniture Visualizer.release.xcconfig */;
			buildSettings = {
				ASSETCATALOG_COMPILER_APPICON_NAME = AppIcon;
				CODE_SIGN_STYLE = Automatic;
				DEVELOPMENT_TEAM = C9R438Z887;
				INFOPLIST_FILE = "Furniture Visualizer/Info.plist";
				LD_RUNPATH_SEARCH_PATHS = (
					"$(inherited)",
					"@executable_path/Frameworks",
				);
				PRODUCT_BUNDLE_IDENTIFIER = "vineet0713.Furniture-Visualizer";
				PRODUCT_NAME = "$(TARGET_NAME)";
				SWIFT_VERSION = 5.0;
				TARGETED_DEVICE_FAMILY = "1,2";
			};
			name = Release;
		};
/* End XCBuildConfiguration section */

/* Begin XCConfigurationList section */
		65C164B2239981A2008D8A50 /* Build configuration list for PBXProject "Furniture Visualizer" */ = {
			isa = XCConfigurationList;
			buildConfigurations = (
				65C164C9239981A4008D8A50 /* Debug */,
				65C164CA239981A4008D8A50 /* Release */,
			);
			defaultConfigurationIsVisible = 0;
			defaultConfigurationName = Release;
		};
		65C164CB239981A4008D8A50 /* Build configuration list for PBXNativeTarget "Furniture Visualizer" */ = {
			isa = XCConfigurationList;
			buildConfigurations = (
				65C164CC239981A4008D8A50 /* Debug */,
				65C164CD239981A4008D8A50 /* Release */,
			);
			defaultConfigurationIsVisible = 0;
			defaultConfigurationName = Release;
		};
/* End XCConfigurationList section */
	};
	rootObject = 65C164AF239981A2008D8A50 /* Project object */;
}
